# This file is autogenerated, do not edit; changes may be undone by the next 'dep ensure'.


[[projects]]
  digest = "1:1760ee71834b3d0c59ffb6e0f9444fb68aec64bd6630b99b349fb111f74022fa"
  name = "github.com/Sirupsen/logrus"
  packages = ["."]
  pruneopts = "UT"
  revision = "6699a89a232f3db797f2e280639854bbc4b89725"
  version = "v1.7.0"

[[projects]]
  digest = "1:7cb4fdca4c251b3ef8027c90ea35f70c7b661a593b9eeae34753c65499098bb1"
  name = "github.com/cpuguy83/go-md2man"
  packages = ["md2man"]
  pruneopts = "UT"
  revision = "7762f7e404f8416dfa1d9bb6a8c192aa9acb4d19"
  version = "v1.0.10"

[[projects]]
  digest = "1:ecd9aa82687cf31d1585d4ac61d0ba180e42e8a6182b85bd785fcca8dfeefc1b"
  name = "github.com/joho/godotenv"
  packages = ["."]
  pruneopts = "UT"
  revision = "23d116af351c84513e1946b527c88823e476be13"
  version = "v1.3.0"

[[projects]]
  digest = "1:97b7ed4d0e9e8b04830c0c0c609de8df2e6c3c0b6eca4902311cbde174cb55fd"
  name = "github.com/russross/blackfriday"
  packages = ["."]
  pruneopts = "UT"
  revision = "e96880f42b9343aea6cbfd99693adae0e5fe2b2a"
  version = "v1.6.0"

[[projects]]
  digest = "1:1d3ef3dd057d2eb1819e945f88cc83835296c9b7fb13ad3194c937c4e2891fee"
  name = "github.com/urfave/cli"
  packages = ["."]
  pruneopts = "UT"
  revision = "bfe2e925cfb6d44b40ad3a779165ea7e8aff9212"
  version = "v1.22.0"

[[projects]]
  branch = "master"
  digest = "1:ae895541d451e0aa285b92a6d939d8e2ccbe903d8018ece5622176aa32d47e3c"
  name = "golang.org/x/sys"
  packages = [
    "internal/unsafeheader",
    "unix",
    "windows",
  ]
  pruneopts = "UT"
  revision = "bc327ba9c2f0f4af0623e32d37ce4b080f437c53"

[solve-meta]
  analyzer-name = "dep"
  analyzer-version = 1
  input-imports = [
    "github.com/Sirupsen/logrus",
    "github.com/joho/godotenv",
    "github.com/urfave/cli",
  ]
  solver-name = "gps-cdcl"
  solver-version = 1
